
Microsoft Visual Studio Solution File, Format Version 12.00
# Visual Studio Version 17
VisualStudioVersion = 17.14.36327.8 d17.14
MinimumVisualStudioVersion = 10.0.40219.1
Project("{FAE04EC0-301F-11D3-BF4B-00C04F79EFBC}") = "CalculadoraForm", "calculadoraform\CalculadoraForm.csproj", "{2879855D-52E2-4308-8DAB-D75CD3E899D2}"
EndProject
Global
	GlobalSection(SolutionConfigurationPlatforms) = preSolution
		Debug|Any CPU = Debug|Any CPU
		Release|Any CPU = Release|Any CPU
	EndGlobalSection
	GlobalSection(ProjectConfigurationPlatforms) = postSolution
		{2879855D-52E2-4308-8DAB-D75CD3E899D2}.Debug|Any CPU.ActiveCfg = Debug|Any CPU
		{2879855D-52E2-4308-8DAB-D75CD3E899D2}.Debug|Any CPU.Build.0 = Debug|Any CPU
		{2879855D-52E2-4308-8DAB-D75CD3E899D2}.Release|Any CPU.ActiveCfg = Release|Any CPU
		{2879855D-52E2-4308-8DAB-D75CD3E899D2}.Release|Any CPU.Build.0 = Release|Any CPU
	EndGlobalSection
	GlobalSection(SolutionProperties) = preSolution
		HideSolutionNode = FALSE
	EndGlobalSection
	GlobalSection(ExtensibilityGlobals) = postSolution
		SolutionGuid = {679208C5-17F9-4BF3-BC68-63A10C080899}
	EndGlobalSection
EndGlobal
